{
  "name": "fish-text",
  "version": "2.0.0",
  "lockfileVersion": 1,
  "requires": true,
  "dependencies": {
    "speech-code": {
      "version": "1.0.3",
      "resolved": "https://registry.npmjs.org/speech-code/-/speech-code-1.0.3.tgz",
      "integrity": "sha512-P0YsBEJ/yv4AQ8gDKgPxBDIWJc+eXbDmFLDqqfaAp+eC2m2uIf9Mxw7tom6SlB9MoUkSS29E//mWFS5x5G6ebw=="
    }
  }
}
