{
  "name": "fish-text",
  "version": "2.0.1",
  "lockfileVersion": 2,
  "requires": true,
  "packages": {
    "": {
      "name": "fish-text",
      "version": "2.0.1",
      "license": "MIT",
      "dependencies": {
        "speech-code": "^1.3.2"
      },
      "engines": {
        "atom": ">=1.0.0 <2.0.0"
      }
    },
    "node_modules/speech-code": {
      "version": "1.3.2",
      "resolved": "https://registry.npmjs.org/speech-code/-/speech-code-1.3.2.tgz",
      "integrity": "sha512-fWQKLDZitcOehApVZOMxa6EnzAw1Jdp3HRxXZ7SbrfH/uYz8/9M7WU9zzer6sp1vesMl7dPfEFUVR5m8abJUJw==",
      "bin": {
        "speech-code": "bin/speech-code"
      }
    }
  },
  "dependencies": {
    "speech-code": {
      "version": "1.3.2",
      "resolved": "https://registry.npmjs.org/speech-code/-/speech-code-1.3.2.tgz",
      "integrity": "sha512-fWQKLDZitcOehApVZOMxa6EnzAw1Jdp3HRxXZ7SbrfH/uYz8/9M7WU9zzer6sp1vesMl7dPfEFUVR5m8abJUJw=="
    }
  }
}
