{
  "name": "fish-text",
  "version": "2.0.0",
  "lockfileVersion": 1,
  "requires": true,
  "dependencies": {
    "speech-code": {
      "version": "1.0.1",
      "resolved": "https://registry.npmjs.org/speech-code/-/speech-code-1.0.1.tgz",
      "integrity": "sha512-xmMcowjLfj9Q1QMmmbtjQZZ9/OqRNtU6xFVFPBojzYLzBkx7GY8/KgPq1HTb5+0W0nXNSNC8OqVnlCSZT4QvNQ=="
    }
  }
}
